
Microsoft Visual Studio Solution File, Format Version 12.00
Project("{2150E333-8FDC-42A3-9474-1A3956D46DE8}") = "src", "src", "{B1B5BBA7-239D-4174-B688-DC344BF8D706}"
EndProject
Project("{2150E333-8FDC-42A3-9474-1A3956D46DE8}") = "Common", "Common", "{13725586-1945-4690-8A20-131A867B545A}"
EndProject
Project("{2150E333-8FDC-42A3-9474-1A3956D46DE8}") = "Core", "Core", "{9A6AB82F-AF74-40BB-9180-4CAB76D8D546}"
EndProject
Project("{2150E333-8FDC-42A3-9474-1A3956D46DE8}") = "Infrastucture", "Infrastucture", "{8181FED4-1727-432A-8B0F-074E10A391B0}"
EndProject
Project("{2150E333-8FDC-42A3-9474-1A3956D46DE8}") = "Presentation", "Presentation", "{9C57AE35-A05F-430C-9B92-2EBBA8218A7C}"
EndProject
Project("{FAE04EC0-301F-11D3-BF4B-00C04F79EFBC}") = "UMS.Persistence", "UMS.Persistence\UMS.Persistence.csproj", "{AB65F685-FEF6-4DDE-85E6-0A051DC7C60B}"
EndProject
Project("{FAE04EC0-301F-11D3-BF4B-00C04F79EFBC}") = "UMS.Application", "UMS.Application\UMS.Application.csproj", "{53D6AF7C-75AB-49E6-A84F-B7F7822AA361}"
EndProject
Project("{FAE04EC0-301F-11D3-BF4B-00C04F79EFBC}") = "UMS.Domain", "UMS.Domain\UMS.Domain.csproj", "{D0A3DC66-AE48-486B-90A8-A6A7AC88978E}"
EndProject
Project("{FAE04EC0-301F-11D3-BF4B-00C04F79EFBC}") = "UMS.Infrastructure", "UMS.Infrastructure\UMS.Infrastructure.csproj", "{D3779818-1D4E-4F85-B5EB-D4F3FFD0A2FD}"
EndProject
Project("{FAE04EC0-301F-11D3-BF4B-00C04F79EFBC}") = "UMS.Infrastructure.Abstraction", "UMS.Infrastructure.Abstraction\UMS.Infrastructure.Abstraction.csproj", "{6A7C48E1-FA25-42B4-AFB4-7909C1BD8838}"
EndProject
Project("{FAE04EC0-301F-11D3-BF4B-00C04F79EFBC}") = "UMS.Configuration", "UMS.Configuration\UMS.Configuration.csproj", "{67937682-5A7C-43B1-8C57-CE1FDF1E3456}"
EndProject
Project("{FAE04EC0-301F-11D3-BF4B-00C04F79EFBC}") = "UMS.WebApi", "UMS.WebApi\UMS.WebApi\UMS.WebApi.csproj", "{5AC1B75F-AFDC-45F2-B1DA-80B486D34A15}"
EndProject
Global
	GlobalSection(SolutionConfigurationPlatforms) = preSolution
		Debug|Any CPU = Debug|Any CPU
		Release|Any CPU = Release|Any CPU
	EndGlobalSection
	GlobalSection(ProjectConfigurationPlatforms) = postSolution
		{AB65F685-FEF6-4DDE-85E6-0A051DC7C60B}.Debug|Any CPU.ActiveCfg = Debug|Any CPU
		{AB65F685-FEF6-4DDE-85E6-0A051DC7C60B}.Debug|Any CPU.Build.0 = Debug|Any CPU
		{AB65F685-FEF6-4DDE-85E6-0A051DC7C60B}.Release|Any CPU.ActiveCfg = Release|Any CPU
		{AB65F685-FEF6-4DDE-85E6-0A051DC7C60B}.Release|Any CPU.Build.0 = Release|Any CPU
		{53D6AF7C-75AB-49E6-A84F-B7F7822AA361}.Debug|Any CPU.ActiveCfg = Debug|Any CPU
		{53D6AF7C-75AB-49E6-A84F-B7F7822AA361}.Debug|Any CPU.Build.0 = Debug|Any CPU
		{53D6AF7C-75AB-49E6-A84F-B7F7822AA361}.Release|Any CPU.ActiveCfg = Release|Any CPU
		{53D6AF7C-75AB-49E6-A84F-B7F7822AA361}.Release|Any CPU.Build.0 = Release|Any CPU
		{D0A3DC66-AE48-486B-90A8-A6A7AC88978E}.Debug|Any CPU.ActiveCfg = Debug|Any CPU
		{D0A3DC66-AE48-486B-90A8-A6A7AC88978E}.Debug|Any CPU.Build.0 = Debug|Any CPU
		{D0A3DC66-AE48-486B-90A8-A6A7AC88978E}.Release|Any CPU.ActiveCfg = Release|Any CPU
		{D0A3DC66-AE48-486B-90A8-A6A7AC88978E}.Release|Any CPU.Build.0 = Release|Any CPU
		{D3779818-1D4E-4F85-B5EB-D4F3FFD0A2FD}.Debug|Any CPU.ActiveCfg = Debug|Any CPU
		{D3779818-1D4E-4F85-B5EB-D4F3FFD0A2FD}.Debug|Any CPU.Build.0 = Debug|Any CPU
		{D3779818-1D4E-4F85-B5EB-D4F3FFD0A2FD}.Release|Any CPU.ActiveCfg = Release|Any CPU
		{D3779818-1D4E-4F85-B5EB-D4F3FFD0A2FD}.Release|Any CPU.Build.0 = Release|Any CPU
		{6A7C48E1-FA25-42B4-AFB4-7909C1BD8838}.Debug|Any CPU.ActiveCfg = Debug|Any CPU
		{6A7C48E1-FA25-42B4-AFB4-7909C1BD8838}.Debug|Any CPU.Build.0 = Debug|Any CPU
		{6A7C48E1-FA25-42B4-AFB4-7909C1BD8838}.Release|Any CPU.ActiveCfg = Release|Any CPU
		{6A7C48E1-FA25-42B4-AFB4-7909C1BD8838}.Release|Any CPU.Build.0 = Release|Any CPU
		{67937682-5A7C-43B1-8C57-CE1FDF1E3456}.Debug|Any CPU.ActiveCfg = Debug|Any CPU
		{67937682-5A7C-43B1-8C57-CE1FDF1E3456}.Debug|Any CPU.Build.0 = Debug|Any CPU
		{67937682-5A7C-43B1-8C57-CE1FDF1E3456}.Release|Any CPU.ActiveCfg = Release|Any CPU
		{67937682-5A7C-43B1-8C57-CE1FDF1E3456}.Release|Any CPU.Build.0 = Release|Any CPU
		{5AC1B75F-AFDC-45F2-B1DA-80B486D34A15}.Debug|Any CPU.ActiveCfg = Debug|Any CPU
		{5AC1B75F-AFDC-45F2-B1DA-80B486D34A15}.Debug|Any CPU.Build.0 = Debug|Any CPU
		{5AC1B75F-AFDC-45F2-B1DA-80B486D34A15}.Release|Any CPU.ActiveCfg = Release|Any CPU
		{5AC1B75F-AFDC-45F2-B1DA-80B486D34A15}.Release|Any CPU.Build.0 = Release|Any CPU
	EndGlobalSection
	GlobalSection(NestedProjects) = preSolution
		{13725586-1945-4690-8A20-131A867B545A} = {B1B5BBA7-239D-4174-B688-DC344BF8D706}
		{9A6AB82F-AF74-40BB-9180-4CAB76D8D546} = {B1B5BBA7-239D-4174-B688-DC344BF8D706}
		{8181FED4-1727-432A-8B0F-074E10A391B0} = {B1B5BBA7-239D-4174-B688-DC344BF8D706}
		{9C57AE35-A05F-430C-9B92-2EBBA8218A7C} = {B1B5BBA7-239D-4174-B688-DC344BF8D706}
		{AB65F685-FEF6-4DDE-85E6-0A051DC7C60B} = {8181FED4-1727-432A-8B0F-074E10A391B0}
		{53D6AF7C-75AB-49E6-A84F-B7F7822AA361} = {9A6AB82F-AF74-40BB-9180-4CAB76D8D546}
		{D0A3DC66-AE48-486B-90A8-A6A7AC88978E} = {9A6AB82F-AF74-40BB-9180-4CAB76D8D546}
		{D3779818-1D4E-4F85-B5EB-D4F3FFD0A2FD} = {8181FED4-1727-432A-8B0F-074E10A391B0}
		{6A7C48E1-FA25-42B4-AFB4-7909C1BD8838} = {8181FED4-1727-432A-8B0F-074E10A391B0}
		{67937682-5A7C-43B1-8C57-CE1FDF1E3456} = {9C57AE35-A05F-430C-9B92-2EBBA8218A7C}
		{5AC1B75F-AFDC-45F2-B1DA-80B486D34A15} = {9C57AE35-A05F-430C-9B92-2EBBA8218A7C}
	EndGlobalSection
EndGlobal
